// !$*UTF8*$!
{
	archiveVersion = 1;
	classes = {
	};
	objectVersion = 50;
	objects = {

/* Begin PBXBuildFile section */
		80EB3C4A221B18A7009937D2 /* AppDelegate.swift in Sources */ = {isa = PBXBuildFile; fileRef = 80EB3C49221B18A7009937D2 /* AppDelegate.swift */; };
		80EB3C4C221B18A7009937D2 /* ViewController.swift in Sources */ = {isa = PBXBuildFile; fileRef = 80EB3C4B221B18A7009937D2 /* ViewController.swift */; };
		80EB3C4F221B18A7009937D2 /* Main.storyboard in Resources */ = {isa = PBXBuildFile; fileRef = 80EB3C4D221B18A7009937D2 /* Main.storyboard */; };
		80EB3C51221B18A8009937D2 /* Assets.xcassets in Resources */ = {isa = PBXBuildFile; fileRef = 80EB3C50221B18A8009937D2 /* Assets.xcassets */; };
		80EB3C54221B18A8009937D2 /* LaunchScreen.storyboard in Resources */ = {isa = PBXBuildFile; fileRef = 80EB3C52221B18A8009937D2 /* LaunchScreen.storyboard */; };
		80EB3C5C221B1902009937D2 /* cachorro.png in Resources */ = {isa = PBXBuildFile; fileRef = 80EB3C5B221B1902009937D2 /* cachorro.png */; };
/* End PBXBuildFile section */

/* Begin PBXFileReference section */
		80EB3C46221B18A7009937D2 /* idade de cachorro.app */ = {isa = PBXFileReference; explicitFileType = wrapper.application; includeInIndex = 0; path = "idade de cachorro.app"; sourceTree = BUILT_PRODUCTS_DIR; };
		80EB3C49221B18A7009937D2 /* AppDelegate.swift */ = {isa = PBXFileReference; lastKnownFileType = sourcecode.swift; path = AppDelegate.swift; sourceTree = "<group>"; };
		80EB3C4B221B18A7009937D2 /* ViewController.swift */ = {isa = PBXFileReference; lastKnownFileType = sourcecode.swift; path = ViewController.swift; sourceTree = "<group>"; };
		80EB3C4E221B18A7009937D2 /* Base */ = {isa = PBXFileReference; lastKnownFileType = file.storyboard; name = Base; path = Base.lproj/Main.storyboard; sourceTree = "<group>"; };
		80EB3C50221B18A8009937D2 /* Assets.xcassets */ = {isa = PBXFileReference; lastKnownFileType = folder.assetcatalog; path = Assets.xcassets; sourceTree = "<group>"; };
		80EB3C53221B18A8009937D2 /* Base */ = {isa = PBXFileReference; lastKnownFileType = file.storyboard; name = Base; path = Base.lproj/LaunchScreen.storyboard; sourceTree = "<group>"; };
		80EB3C55221B18A8009937D2 /* Info.plist */ = {isa = PBXFileReference; lastKnownFileType = text.plist.xml; path = Info.plist; sourceTree = "<group>"; };
		80EB3C5B221B1902009937D2 /* cachorro.png */ = {isa = PBXFileReference; lastKnownFileType = image.png; path = cachorro.png; sourceTree = "<group>"; };
/* End PBXFileReference section */

/* Begin PBXFrameworksBuildPhase section */
		80EB3C43221B18A7009937D2 /* Frameworks */ = {
			isa = PBXFrameworksBuildPhase;
			buildActionMask = 2147483647;
			files = (
			);
			runOnlyForDeploymentPostprocessing = 0;
		};
/* End PBXFrameworksBuildPhase section */

/* Begin PBXGroup section */
		80EB3C3D221B18A7009937D2 = {
			isa = PBXGroup;
			children = (
				80EB3C48221B18A7009937D2 /* idade de cachorro */,
				80EB3C47221B18A7009937D2 /* Products */,
			);
			sourceTree = "<group>";
		};
		80EB3C47221B18A7009937D2 /* Products */ = {
			isa = PBXGroup;
			children = (
				80EB3C46221B18A7009937D2 /* idade de cachorro.app */,
			);
			name = Products;
			sourceTree = "<group>";
		};
		80EB3C48221B18A7009937D2 /* idade de cachorro */ = {
			isa = PBXGroup;
			children = (
				80EB3C5B221B1902009937D2 /* cachorro.png */,
				80EB3C49221B18A7009937D2 /* AppDelegate.swift */,
				80EB3C4B221B18A7009937D2 /* ViewController.swift */,
				80EB3C4D221B18A7009937D2 /* Main.storyboard */,
				80EB3C50221B18A8009937D2 /* Assets.xcassets */,
				80EB3C52221B18A8009937D2 /* LaunchScreen.storyboard */,
				80EB3C55221B18A8009937D2 /* Info.plist */,
			);
			path = "idade de cachorro";
			sourceTree = "<group>";
		};
/* End PBXGroup section */

/* Begin PBXNativeTarget section */
		80EB3C45221B18A7009937D2 /* idade de cachorro */ = {
			isa = PBXNativeTarget;
			buildConfigurationList = 80EB3C58221B18A8009937D2 /* Build configuration list for PBXNativeTarget "idade de cachorro" */;
			buildPhases = (
				80EB3C42221B18A7009937D2 /* Sources */,
				80EB3C43221B18A7009937D2 /* Frameworks */,
				80EB3C44221B18A7009937D2 /* Resources */,
			);
			buildRules = (
			);
			dependencies = (
			);
			name = "idade de cachorro";
			productName = "idade de cachorro";
			productReference = 80EB3C46221B18A7009937D2 /* idade de cachorro.app */;
			productType = "com.apple.product-type.application";
		};
/* End PBXNativeTarget section */

/* Begin PBXProject section */
		80EB3C3E221B18A7009937D2 /* Project object */ = {
			isa = PBXProject;
			attributes = {
				LastSwiftUpdateCheck = 1010;
				LastUpgradeCheck = 1010;
				ORGANIZATIONNAME = Estudo;
				TargetAttributes = {
					80EB3C45221B18A7009937D2 = {
						CreatedOnToolsVersion = 10.1;
					};
				};
			};
			buildConfigurationList = 80EB3C41221B18A7009937D2 /* Build configuration list for PBXProject "idade de cachorro" */;
			compatibilityVersion = "Xcode 9.3";
			developmentRegion = en;
			hasScannedForEncodings = 0;
			knownRegions = (
				en,
				Base,
			);
			mainGroup = 80EB3C3D221B18A7009937D2;
			productRefGroup = 80EB3C47221B18A7009937D2 /* Products */;
			projectDirPath = "";
			projectRoot = "";
			targets = (
				80EB3C45221B18A7009937D2 /* idade de cachorro */,
			);
		};
/* End PBXProject section */

/* Begin PBXResourcesBuildPhase section */
		80EB3C44221B18A7009937D2 /* Resources */ = {
			isa = PBXResourcesBuildPhase;
			buildActionMask = 2147483647;
			files = (
				80EB3C5C221B1902009937D2 /* cachorro.png in Resources */,
				80EB3C54221B18A8009937D2 /* LaunchScreen.storyboard in Resources */,
				80EB3C51221B18A8009937D2 /* Assets.xcassets in Resources */,
				80EB3C4F221B18A7009937D2 /* Main.storyboard in Resources */,
			);
			runOnlyForDeploymentPostprocessing = 0;
		};
/* End PBXResourcesBuildPhase section */

/* Begin PBXSourcesBuildPhase section */
		80EB3C42221B18A7009937D2 /* Sources */ = {
			isa = PBXSourcesBuildPhase;
			buildActionMask = 2147483647;
			files = (
				80EB3C4C221B18A7009937D2 /* ViewController.swift in Sources */,
				80EB3C4A221B18A7009937D2 /* AppDelegate.swift in Sources */,
			);
			runOnlyForDeploymentPostprocessing = 0;
		};
/* End PBXSourcesBuildPhase section */

/* Begin PBXVariantGroup section */
		80EB3C4D221B18A7009937D2 /* Main.storyboard */ = {
			isa = PBXVariantGroup;
			children = (
				80EB3C4E221B18A7009937D2 /* Base */,
			);
			name = Main.storyboard;
			sourceTree = "<group>";
		};
		80EB3C52221B18A8009937D2 /* LaunchScreen.storyboard */ = {
			isa = PBXVariantGroup;
			children = (
				80EB3C53221B18A8009937D2 /* Base */,
			);
			name = LaunchScreen.storyboard;
			sourceTree = "<group>";
		};
/* End PBXVariantGroup section */

/* Begin XCBuildConfiguration section */
		80EB3C56221B18A8009937D2 /* Debug */ = {
			isa = XCBuildConfiguration;
			buildSettings = {
				ALWAYS_SEARCH_USER_PATHS = NO;
				CLANG_ANALYZER_NONNULL = YES;
				CLANG_ANALYZER_NUMBER_OBJECT_CONVERSION = YES_AGGRESSIVE;
				CLANG_CXX_LANGUAGE_STANDARD = "gnu++14";
				CLANG_CXX_LIBRARY = "libc++";
				CLANG_ENABLE_MODULES = YES;
				CLANG_ENABLE_OBJC_ARC = YES;
				CLANG_ENABLE_OBJC_WEAK = YES;
				CLANG_WARN_BLOCK_CAPTURE_AUTORELEASING = YES;
				CLANG_WARN_BOOL_CONVERSION = YES;
				CLANG_WARN_COMMA = YES;
				CLANG_WARN_CONSTANT_CONVERSION = YES;
				CLANG_WARN_DEPRECATED_OBJC_IMPLEMENTATIONS = YES;
				CLANG_WARN_DIRECT_OBJC_ISA_USAGE = YES_ERROR;
				CLANG_WARN_DOCUMENTATION_COMMENTS = YES;
				CLANG_WARN_EMPTY_BODY = YES;
				CLANG_WARN_ENUM_CONVERSION = YES;
				CLANG_WARN_INFINITE_RECURSION = YES;
				CLANG_WARN_INT_CONVERSION = YES;
				CLANG_WARN_NON_LITERAL_NULL_CONVERSION = YES;
				CLANG_WARN_OBJC_IMPLICIT_RETAIN_SELF = YES;
				CLANG_WARN_OBJC_LITERAL_CONVERSION = YES;
				CLANG_WARN_OBJC_ROOT_CLASS = YES_ERROR;
				CLANG_WARN_RANGE_LOOP_ANALYSIS = YES;
				CLANG_WARN_STRICT_PROTOTYPES = YES;
				CLANG_WARN_SUSPICIOUS_MOVE = YES;
				CLANG_WARN_UNGUARDED_AVAILABILITY = YES_AGGRESSIVE;
				CLANG_WARN_UNREACHABLE_CODE = YES;
				CLANG_WARN__DUPLICATE_METHOD_MATCH = YES;
				CODE_SIGN_IDENTITY = "iPhone Developer";
				COPY_PHASE_STRIP = NO;
				DEBUG_INFORMATION_FORMAT = dwarf;
				ENABLE_STRICT_OBJC_MSGSEND = YES;
				ENABLE_TESTABILITY = YES;
				GCC_C_LANGUAGE_STANDARD = gnu11;
				GCC_DYNAMIC_NO_PIC = NO;
				GCC_NO_COMMON_BLOCKS = YES;
				GCC_OPTIMIZATION_LEVEL = 0;
				GCC_PREPROCESSOR_DEFINITIONS = (
					"DEBUG=1",
					"$(inherited)",
				);
				GCC_WARN_64_TO_32_BIT_CONVERSION = YES;
				GCC_WARN_ABOUT_RETURN_TYPE = YES_ERROR;
				GCC_WARN_UNDECLARED_SELECTOR = YES;
				GCC_WARN_UNINITIALIZED_AUTOS = YES_AGGRESSIVE;
				GCC_WARN_UNUSED_FUNCTION = YES;
				GCC_WARN_UNUSED_VARIABLE = YES;
				IPHONEOS_DEPLOYMENT_TARGET = 12.1;
				MTL_ENABLE_DEBUG_INFO = INCLUDE_SOURCE;
				MTL_FAST_MATH = YES;
				ONLY_ACTIVE_ARCH = YES;
				SDKROOT = iphoneos;
				SWIFT_ACTIVE_COMPILATION_CONDITIONS = DEBUG;
				SWIFT_OPTIMIZATION_LEVEL = "-Onone";
			};
			name = Debug;
		};
		80EB3C57221B18A8009937D2 /* Release */ = {
			isa = XCBuildConfiguration;
			buildSettings = {
				ALWAYS_SEARCH_USER_PATHS = NO;
				CLANG_ANALYZER_NONNULL = YES;
				CLANG_ANALYZER_NUMBER_OBJECT_CONVERSION = YES_AGGRESSIVE;
				CLANG_CXX_LANGUAGE_STANDARD = "gnu++14";
				CLANG_CXX_LIBRARY = "libc++";
				CLANG_ENABLE_MODULES = YES;
				CLANG_ENABLE_OBJC_ARC = YES;
				CLANG_ENABLE_OBJC_WEAK = YES;
				CLANG_WARN_BLOCK_CAPTURE_AUTORELEASING = YES;
				CLANG_WARN_BOOL_CONVERSION = YES;
				CLANG_WARN_COMMA = YES;
				CLANG_WARN_CONSTANT_CONVERSION = YES;
				CLANG_WARN_DEPRECATED_OBJC_IMPLEMENTATIONS = YES;
				CLANG_WARN_DIRECT_OBJC_ISA_USAGE = YES_ERROR;
				CLANG_WARN_DOCUMENTATION_COMMENTS = YES;
				CLANG_WARN_EMPTY_BODY = YES;
				CLANG_WARN_ENUM_CONVERSION = YES;
				CLANG_WARN_INFINITE_RECURSION = YES;
				CLANG_WARN_INT_CONVERSION = YES;
				CLANG_WARN_NON_LITERAL_NULL_CONVERSION = YES;
				CLANG_WARN_OBJC_IMPLICIT_RETAIN_SELF = YES;
				CLANG_WARN_OBJC_LITERAL_CONVERSION = YES;
				CLANG_WARN_OBJC_ROOT_CLASS = YES_ERROR;
				CLANG_WARN_RANGE_LOOP_ANALYSIS = YES;
				CLANG_WARN_STRICT_PROTOTYPES = YES;
				CLANG_WARN_SUSPICIOUS_MOVE = YES;
				CLANG_WARN_UNGUARDED_AVAILABILITY = YES_AGGRESSIVE;
				CLANG_WARN_UNREACHABLE_CODE = YES;
				CLANG_WARN__DUPLICATE_METHOD_MATCH = YES;
				CODE_SIGN_IDENTITY = "iPhone Developer";
				COPY_PHASE_STRIP = NO;
				DEBUG_INFORMATION_FORMAT = "dwarf-with-dsym";
				ENABLE_NS_ASSERTIONS = NO;
				ENABLE_STRICT_OBJC_MSGSEND = YES;
				GCC_C_LANGUAGE_STANDARD = gnu11;
				GCC_NO_COMMON_BLOCKS = YES;
				GCC_WARN_64_TO_32_BIT_CONVERSION = YES;
				GCC_WARN_ABOUT_RETURN_TYPE = YES_ERROR;
				GCC_WARN_UNDECLARED_SELECTOR = YES;
				GCC_WARN_UNINITIALIZED_AUTOS = YES_AGGRESSIVE;
				GCC_WARN_UNUSED_FUNCTION = YES;
				GCC_WARN_UNUSED_VARIABLE = YES;
				IPHONEOS_DEPLOYMENT_TARGET = 12.1;
				MTL_ENABLE_DEBUG_INFO = NO;
				MTL_FAST_MATH = YES;
				SDKROOT = iphoneos;
				SWIFT_COMPILATION_MODE = wholemodule;
				SWIFT_OPTIMIZATION_LEVEL = "-O";
				VALIDATE_PRODUCT = YES;
			};
			name = Release;
		};
		80EB3C59221B18A8009937D2 /* Debug */ = {
			isa = XCBuildConfiguration;
			buildSettings = {
				ASSETCATALOG_COMPILER_APPICON_NAME = AppIcon;
				CODE_SIGN_STYLE = Automatic;
				INFOPLIST_FILE = "idade de cachorro/Info.plist";
				LD_RUNPATH_SEARCH_PATHS = (
					"$(inherited)",
					"@executable_path/Frameworks",
				);
				PRODUCT_BUNDLE_IDENTIFIER = "com.estudos.idade-de-cachorro";
				PRODUCT_NAME = "$(TARGET_NAME)";
				SWIFT_VERSION = 4.2;
				TARGETED_DEVICE_FAMILY = "1,2";
			};
			name = Debug;
		};
		80EB3C5A221B18A8009937D2 /* Release */ = {
			isa = XCBuildConfiguration;
			buildSettings = {
				ASSETCATALOG_COMPILER_APPICON_NAME = AppIcon;
				CODE_SIGN_STYLE = Automatic;
				INFOPLIST_FILE = "idade de cachorro/Info.plist";
				LD_RUNPATH_SEARCH_PATHS = (
					"$(inherited)",
					"@executable_path/Frameworks",
				);
				PRODUCT_BUNDLE_IDENTIFIER = "com.estudos.idade-de-cachorro";
				PRODUCT_NAME = "$(TARGET_NAME)";
				SWIFT_VERSION = 4.2;
				TARGETED_DEVICE_FAMILY = "1,2";
			};
			name = Release;
		};
/* End XCBuildConfiguration section */

/* Begin XCConfigurationList section */
		80EB3C41221B18A7009937D2 /* Build configuration list for PBXProject "idade de cachorro" */ = {
			isa = XCConfigurationList;
			buildConfigurations = (
				80EB3C56221B18A8009937D2 /* Debug */,
				80EB3C57221B18A8009937D2 /* Release */,
			);
			defaultConfigurationIsVisible = 0;
			defaultConfigurationName = Release;
		};
		80EB3C58221B18A8009937D2 /* Build configuration list for PBXNativeTarget "idade de cachorro" */ = {
			isa = XCConfigurationList;
			buildConfigurations = (
				80EB3C59221B18A8009937D2 /* Debug */,
				80EB3C5A221B18A8009937D2 /* Release */,
			);
			defaultConfigurationIsVisible = 0;
			defaultConfigurationName = Release;
		};
/* End XCConfigurationList section */
	};
	rootObject = 80EB3C3E221B18A7009937D2 /* Project object */;
}
